
Microsoft Visual Studio Solution File, Format Version 12.00
# Visual Studio Version 17
VisualStudioVersion = 17.8.34309.116
MinimumVisualStudioVersion = 10.0.40219.1
Project("{9A19103F-16F7-4668-BE54-9A1E7A4F7556}") = "RszTool.App", "RszTool.App\RszTool.App.csproj", "{2C5EC8A4-C5DD-41F4-B267-DBA1971194C7}"
EndProject
Project("{9A19103F-16F7-4668-BE54-9A1E7A4F7556}") = "RszTool", "RszTool\RszTool.csproj", "{6F584A37-2D30-49AC-B47F-4604D32F2BE3}"
EndProject
Project("{9A19103F-16F7-4668-BE54-9A1E7A4F7556}") = "ModelSourceGenerator", "ModelSourceGenerator\ModelSourceGenerator.csproj", "{A39423CC-595C-49E4-A20A-3F6825DB4D46}"
EndProject
Project("{9A19103F-16F7-4668-BE54-9A1E7A4F7556}") = "RszTool.Gui", "RszTool.Gui\RszTool.Gui.csproj", "{EF55623F-B84D-4A89-A14E-4ABF0524E568}"
EndProject
Project("{FAE04EC0-301F-11D3-BF4B-00C04F79EFBC}") = "RszTool.Test", "RszTool.Test\RszTool.Test.csproj", "{25AC68C0-1445-4B64-B35F-78EF1A7A70EE}"
EndProject
Global
	GlobalSection(SolutionConfigurationPlatforms) = preSolution
		Debug|Any CPU = Debug|Any CPU
		Release|Any CPU = Release|Any CPU
	EndGlobalSection
	GlobalSection(ProjectConfigurationPlatforms) = postSolution
		{2C5EC8A4-C5DD-41F4-B267-DBA1971194C7}.Debug|Any CPU.ActiveCfg = Debug|Any CPU
		{2C5EC8A4-C5DD-41F4-B267-DBA1971194C7}.Debug|Any CPU.Build.0 = Debug|Any CPU
		{2C5EC8A4-C5DD-41F4-B267-DBA1971194C7}.Release|Any CPU.ActiveCfg = Release|Any CPU
		{2C5EC8A4-C5DD-41F4-B267-DBA1971194C7}.Release|Any CPU.Build.0 = Release|Any CPU
		{6F584A37-2D30-49AC-B47F-4604D32F2BE3}.Debug|Any CPU.ActiveCfg = Debug|Any CPU
		{6F584A37-2D30-49AC-B47F-4604D32F2BE3}.Debug|Any CPU.Build.0 = Debug|Any CPU
		{6F584A37-2D30-49AC-B47F-4604D32F2BE3}.Release|Any CPU.ActiveCfg = Release|Any CPU
		{6F584A37-2D30-49AC-B47F-4604D32F2BE3}.Release|Any CPU.Build.0 = Release|Any CPU
		{A39423CC-595C-49E4-A20A-3F6825DB4D46}.Debug|Any CPU.ActiveCfg = Debug|Any CPU
		{A39423CC-595C-49E4-A20A-3F6825DB4D46}.Debug|Any CPU.Build.0 = Debug|Any CPU
		{A39423CC-595C-49E4-A20A-3F6825DB4D46}.Release|Any CPU.ActiveCfg = Release|Any CPU
		{A39423CC-595C-49E4-A20A-3F6825DB4D46}.Release|Any CPU.Build.0 = Release|Any CPU
		{EF55623F-B84D-4A89-A14E-4ABF0524E568}.Debug|Any CPU.ActiveCfg = Debug|Any CPU
		{EF55623F-B84D-4A89-A14E-4ABF0524E568}.Debug|Any CPU.Build.0 = Debug|Any CPU
		{EF55623F-B84D-4A89-A14E-4ABF0524E568}.Release|Any CPU.ActiveCfg = Release|Any CPU
		{EF55623F-B84D-4A89-A14E-4ABF0524E568}.Release|Any CPU.Build.0 = Release|Any CPU
		{25AC68C0-1445-4B64-B35F-78EF1A7A70EE}.Debug|Any CPU.ActiveCfg = Debug|Any CPU
		{25AC68C0-1445-4B64-B35F-78EF1A7A70EE}.Debug|Any CPU.Build.0 = Debug|Any CPU
		{25AC68C0-1445-4B64-B35F-78EF1A7A70EE}.Release|Any CPU.ActiveCfg = Release|Any CPU
		{25AC68C0-1445-4B64-B35F-78EF1A7A70EE}.Release|Any CPU.Build.0 = Release|Any CPU
	EndGlobalSection
	GlobalSection(SolutionProperties) = preSolution
		HideSolutionNode = FALSE
	EndGlobalSection
	GlobalSection(ExtensibilityGlobals) = postSolution
		SolutionGuid = {500F4EF3-AE65-46BF-A981-5C01C2A2C30A}
	EndGlobalSection
EndGlobal
